
Microsoft Visual Studio Solution File, Format Version 12.00
# Visual Studio Version 17
VisualStudioVersion = 17.8.34408.163
MinimumVisualStudioVersion = 10.0.40219.1
Project("{FAE04EC0-301F-11D3-BF4B-00C04F79EFBC}") = "VMS", "VMS\VMS.csproj", "{63BB8751-EE0D-4BB8-B83A-EF9918098EEF}"
EndProject
Global
	GlobalSection(SolutionConfigurationPlatforms) = preSolution
		Debug|Any CPU = Debug|Any CPU
		Release|Any CPU = Release|Any CPU
	EndGlobalSection
	GlobalSection(ProjectConfigurationPlatforms) = postSolution
		{63BB8751-EE0D-4BB8-B83A-EF9918098EEF}.Debug|Any CPU.ActiveCfg = Debug|Any CPU
		{63BB8751-EE0D-4BB8-B83A-EF9918098EEF}.Debug|Any CPU.Build.0 = Debug|Any CPU
		{63BB8751-EE0D-4BB8-B83A-EF9918098EEF}.Release|Any CPU.ActiveCfg = Release|Any CPU
		{63BB8751-EE0D-4BB8-B83A-EF9918098EEF}.Release|Any CPU.Build.0 = Release|Any CPU
	EndGlobalSection
	GlobalSection(SolutionProperties) = preSolution
		HideSolutionNode = FALSE
	EndGlobalSection
	GlobalSection(ExtensibilityGlobals) = postSolution
		SolutionGuid = {BAF2E88A-8D21-4DFF-BB59-411C7D1B63AF}
	EndGlobalSection
EndGlobal
